
Microsoft Visual Studio Solution File, Format Version 12.00
# Visual Studio Version 16
VisualStudioVersion = 16.0.30330.147
MinimumVisualStudioVersion = 10.0.40219.1
Project("{FAE04EC0-301F-11D3-BF4B-00C04F79EFBC}") = "Capstone4_CelliniRedux", "Capstone4_CelliniRedux\Capstone4_CelliniRedux.csproj", "{05052E8F-CD3B-4983-BB0D-063B7AC47C2F}"
EndProject
Global
	GlobalSection(SolutionConfigurationPlatforms) = preSolution
		Debug|Any CPU = Debug|Any CPU
		Release|Any CPU = Release|Any CPU
	EndGlobalSection
	GlobalSection(ProjectConfigurationPlatforms) = postSolution
		{05052E8F-CD3B-4983-BB0D-063B7AC47C2F}.Debug|Any CPU.ActiveCfg = Debug|Any CPU
		{05052E8F-CD3B-4983-BB0D-063B7AC47C2F}.Debug|Any CPU.Build.0 = Debug|Any CPU
		{05052E8F-CD3B-4983-BB0D-063B7AC47C2F}.Release|Any CPU.ActiveCfg = Release|Any CPU
		{05052E8F-CD3B-4983-BB0D-063B7AC47C2F}.Release|Any CPU.Build.0 = Release|Any CPU
	EndGlobalSection
	GlobalSection(SolutionProperties) = preSolution
		HideSolutionNode = FALSE
	EndGlobalSection
	GlobalSection(ExtensibilityGlobals) = postSolution
		SolutionGuid = {86A0C121-444B-4FD3-B055-85563452071F}
	EndGlobalSection
EndGlobal
